// !$*UTF8*$!
{
	archiveVersion = 1;
	classes = {
	};
	objectVersion = 46;
	objects = {

/* Begin PBXBuildFile section */
		9A2114AD1C4CD1AA000A0020 /* PreferencesViewController.swift in Sources */ = {isa = PBXBuildFile; fileRef = 9A2114AC1C4CD1AA000A0020 /* PreferencesViewController.swift */; };
		9A2114AF1C4CD9E5000A0020 /* PreferencesWindowController.swift in Sources */ = {isa = PBXBuildFile; fileRef = 9A2114AE1C4CD9E5000A0020 /* PreferencesWindowController.swift */; };
		9A2114B31C4CF3B6000A0020 /* SlideshowPreferencesViewController.swift in Sources */ = {isa = PBXBuildFile; fileRef = 9A2114B21C4CF3B6000A0020 /* SlideshowPreferencesViewController.swift */; };
		9A2114B51C4CF549000A0020 /* FadeInSegue.swift in Sources */ = {isa = PBXBuildFile; fileRef = 9A2114B41C4CF549000A0020 /* FadeInSegue.swift */; };
		9A2114B71C4CF7B6000A0020 /* VideoPreferencesViewController.swift in Sources */ = {isa = PBXBuildFile; fileRef = 9A2114B61C4CF7B6000A0020 /* VideoPreferencesViewController.swift */; };
		9A36507B1C2FF82100326A9C /* MediaLibrary.swift in Sources */ = {isa = PBXBuildFile; fileRef = 9A36507A1C2FF82100326A9C /* MediaLibrary.swift */; };
		9A36507F1C30125D00326A9C /* MainViewController.swift in Sources */ = {isa = PBXBuildFile; fileRef = 9A36507E1C30125D00326A9C /* MainViewController.swift */; };
		9A485F451C7EFE9C00EE57E8 /* ReplaceSegue.swift in Sources */ = {isa = PBXBuildFile; fileRef = 9A485F441C7EFE9C00EE57E8 /* ReplaceSegue.swift */; };
		9A5321C51C73200E00BA4E15 /* Fabric.framework in Frameworks */ = {isa = PBXBuildFile; fileRef = 9A5321C31C73200E00BA4E15 /* Fabric.framework */; };
		9A5321C61C73200E00BA4E15 /* Crashlytics.framework in Frameworks */ = {isa = PBXBuildFile; fileRef = 9A5321C41C73200E00BA4E15 /* Crashlytics.framework */; };
		9A6F0F0A1C517A02005F4B34 /* PopoverSegue.swift in Sources */ = {isa = PBXBuildFile; fileRef = 9A6F0F091C517A02005F4B34 /* PopoverSegue.swift */; };
		9A6F0F0E1C51920D005F4B34 /* PreferencesSegue.swift in Sources */ = {isa = PBXBuildFile; fileRef = 9A6F0F0D1C51920D005F4B34 /* PreferencesSegue.swift */; };
		9A788A1D1C302ADF00ADF0EC /* SourceSelectViewController.swift in Sources */ = {isa = PBXBuildFile; fileRef = 9A788A1B1C302ADF00ADF0EC /* SourceSelectViewController.swift */; };
		9A8077481C060597002432D4 /* AppDelegate.swift in Sources */ = {isa = PBXBuildFile; fileRef = 9A8077471C060597002432D4 /* AppDelegate.swift */; };
		9A80774A1C060597002432D4 /* LoadingController.swift in Sources */ = {isa = PBXBuildFile; fileRef = 9A8077491C060597002432D4 /* LoadingController.swift */; };
		9A80774C1C060597002432D4 /* Assets.xcassets in Resources */ = {isa = PBXBuildFile; fileRef = 9A80774B1C060597002432D4 /* Assets.xcassets */; };
		9A80774F1C060597002432D4 /* Main.storyboard in Resources */ = {isa = PBXBuildFile; fileRef = 9A80774D1C060597002432D4 /* Main.storyboard */; };
		9A80775A1C060597002432D4 /* Shark_SlidesTests.swift in Sources */ = {isa = PBXBuildFile; fileRef = 9A8077591C060597002432D4 /* Shark_SlidesTests.swift */; };
		9A8077651C060597002432D4 /* Shark_SlidesUITests.swift in Sources */ = {isa = PBXBuildFile; fileRef = 9A8077641C060597002432D4 /* Shark_SlidesUITests.swift */; };
		9A8D05881C38FD0600B55030 /* ShowContentViewController.swift in Sources */ = {isa = PBXBuildFile; fileRef = 9A8D05871C38FD0600B55030 /* ShowContentViewController.swift */; };
		9A8D058A1C38FE8600B55030 /* ShowImageContentViewController.swift in Sources */ = {isa = PBXBuildFile; fileRef = 9A8D05891C38FE8600B55030 /* ShowImageContentViewController.swift */; };
		9A8D058E1C3905B600B55030 /* Transition.swift in Sources */ = {isa = PBXBuildFile; fileRef = 9A8D058D1C3905B600B55030 /* Transition.swift */; };
		9A8D05901C390C7000B55030 /* FadeTransition.swift in Sources */ = {isa = PBXBuildFile; fileRef = 9A8D058F1C390C7000B55030 /* FadeTransition.swift */; };
		9A8D05921C3AA63D00B55030 /* ShowVideoContentViewController.swift in Sources */ = {isa = PBXBuildFile; fileRef = 9A8D05911C3AA63D00B55030 /* ShowVideoContentViewController.swift */; };
		9A8FEC141C32726200F457E0 /* Localizable.strings in Resources */ = {isa = PBXBuildFile; fileRef = 9A8FEC131C32726200F457E0 /* Localizable.strings */; };
		9A8FEC161C327A6E00F457E0 /* NSURL+Sandbox.swift in Sources */ = {isa = PBXBuildFile; fileRef = 9A8FEC151C327A6E00F457E0 /* NSURL+Sandbox.swift */; };
		9A8FEC1C1C32CD4300F457E0 /* Timer.swift in Sources */ = {isa = PBXBuildFile; fileRef = 9A8FEC1B1C32CD4300F457E0 /* Timer.swift */; };
		9A9B43A21C3176F3001A033A /* ImageViewController.swift in Sources */ = {isa = PBXBuildFile; fileRef = 9A9B43A11C3176F3001A033A /* ImageViewController.swift */; };
		9AFC00491C4CBF4C00C17B86 /* AboutViewController.swift in Sources */ = {isa = PBXBuildFile; fileRef = 9AFC00481C4CBF4C00C17B86 /* AboutViewController.swift */; };
/* End PBXBuildFile section */

/* Begin PBXContainerItemProxy section */
		9A8077561C060597002432D4 /* PBXContainerItemProxy */ = {
			isa = PBXContainerItemProxy;
			containerPortal = 9A80773C1C060597002432D4 /* Project object */;
			proxyType = 1;
			remoteGlobalIDString = 9A8077431C060597002432D4;
			remoteInfo = "Shark Slides";
		};
		9A8077611C060597002432D4 /* PBXContainerItemProxy */ = {
			isa = PBXContainerItemProxy;
			containerPortal = 9A80773C1C060597002432D4 /* Project object */;
			proxyType = 1;
			remoteGlobalIDString = 9A8077431C060597002432D4;
			remoteInfo = "Shark Slides";
		};
/* End PBXContainerItemProxy section */

/* Begin PBXFileReference section */
		9A2114AC1C4CD1AA000A0020 /* PreferencesViewController.swift */ = {isa = PBXFileReference; fileEncoding = 4; lastKnownFileType = sourcecode.swift; path = PreferencesViewController.swift; sourceTree = "<group>"; };
		9A2114AE1C4CD9E5000A0020 /* PreferencesWindowController.swift */ = {isa = PBXFileReference; fileEncoding = 4; lastKnownFileType = sourcecode.swift; path = PreferencesWindowController.swift; sourceTree = "<group>"; };
		9A2114B21C4CF3B6000A0020 /* SlideshowPreferencesViewController.swift */ = {isa = PBXFileReference; fileEncoding = 4; lastKnownFileType = sourcecode.swift; path = SlideshowPreferencesViewController.swift; sourceTree = "<group>"; };
		9A2114B41C4CF549000A0020 /* FadeInSegue.swift */ = {isa = PBXFileReference; fileEncoding = 4; lastKnownFileType = sourcecode.swift; path = FadeInSegue.swift; sourceTree = "<group>"; };
		9A2114B61C4CF7B6000A0020 /* VideoPreferencesViewController.swift */ = {isa = PBXFileReference; fileEncoding = 4; lastKnownFileType = sourcecode.swift; path = VideoPreferencesViewController.swift; sourceTree = "<group>"; };
		9A36507A1C2FF82100326A9C /* MediaLibrary.swift */ = {isa = PBXFileReference; fileEncoding = 4; lastKnownFileType = sourcecode.swift; path = MediaLibrary.swift; sourceTree = "<group>"; };
		9A36507E1C30125D00326A9C /* MainViewController.swift */ = {isa = PBXFileReference; fileEncoding = 4; lastKnownFileType = sourcecode.swift; path = MainViewController.swift; sourceTree = "<group>"; };
		9A485F441C7EFE9C00EE57E8 /* ReplaceSegue.swift */ = {isa = PBXFileReference; fileEncoding = 4; lastKnownFileType = sourcecode.swift; path = ReplaceSegue.swift; sourceTree = "<group>"; };
		9A5321C31C73200E00BA4E15 /* Fabric.framework */ = {isa = PBXFileReference; lastKnownFileType = wrapper.framework; path = Fabric.framework; sourceTree = SOURCE_ROOT; };
		9A5321C41C73200E00BA4E15 /* Crashlytics.framework */ = {isa = PBXFileReference; lastKnownFileType = wrapper.framework; path = Crashlytics.framework; sourceTree = SOURCE_ROOT; };
		9A6F0F091C517A02005F4B34 /* PopoverSegue.swift */ = {isa = PBXFileReference; fileEncoding = 4; lastKnownFileType = sourcecode.swift; path = PopoverSegue.swift; sourceTree = "<group>"; };
		9A6F0F0D1C51920D005F4B34 /* PreferencesSegue.swift */ = {isa = PBXFileReference; fileEncoding = 4; lastKnownFileType = sourcecode.swift; path = PreferencesSegue.swift; sourceTree = "<group>"; };
		9A788A1B1C302ADF00ADF0EC /* SourceSelectViewController.swift */ = {isa = PBXFileReference; fileEncoding = 4; lastKnownFileType = sourcecode.swift; path = SourceSelectViewController.swift; sourceTree = "<group>"; };
		9A8077441C060597002432D4 /* Shark Slides.app */ = {isa = PBXFileReference; explicitFileType = wrapper.application; includeInIndex = 0; path = "Shark Slides.app"; sourceTree = BUILT_PRODUCTS_DIR; };
		9A8077471C060597002432D4 /* AppDelegate.swift */ = {isa = PBXFileReference; lastKnownFileType = sourcecode.swift; path = AppDelegate.swift; sourceTree = "<group>"; };
		9A8077491C060597002432D4 /* LoadingController.swift */ = {isa = PBXFileReference; lastKnownFileType = sourcecode.swift; path = LoadingController.swift; sourceTree = "<group>"; };
		9A80774B1C060597002432D4 /* Assets.xcassets */ = {isa = PBXFileReference; lastKnownFileType = folder.assetcatalog; path = Assets.xcassets; sourceTree = "<group>"; };
		9A80774E1C060597002432D4 /* Base */ = {isa = PBXFileReference; lastKnownFileType = file.storyboard; name = Base; path = Base.lproj/Main.storyboard; sourceTree = "<group>"; };
		9A8077501C060597002432D4 /* Info.plist */ = {isa = PBXFileReference; lastKnownFileType = text.plist.xml; path = Info.plist; sourceTree = "<group>"; };
		9A8077551C060597002432D4 /* Shark SlidesTests.xctest */ = {isa = PBXFileReference; explicitFileType = wrapper.cfbundle; includeInIndex = 0; path = "Shark SlidesTests.xctest"; sourceTree = BUILT_PRODUCTS_DIR; };
		9A8077591C060597002432D4 /* Shark_SlidesTests.swift */ = {isa = PBXFileReference; lastKnownFileType = sourcecode.swift; path = Shark_SlidesTests.swift; sourceTree = "<group>"; };
		9A80775B1C060597002432D4 /* Info.plist */ = {isa = PBXFileReference; lastKnownFileType = text.plist.xml; path = Info.plist; sourceTree = "<group>"; };
		9A8077601C060597002432D4 /* Shark SlidesUITests.xctest */ = {isa = PBXFileReference; explicitFileType = wrapper.cfbundle; includeInIndex = 0; path = "Shark SlidesUITests.xctest"; sourceTree = BUILT_PRODUCTS_DIR; };
		9A8077641C060597002432D4 /* Shark_SlidesUITests.swift */ = {isa = PBXFileReference; lastKnownFileType = sourcecode.swift; path = Shark_SlidesUITests.swift; sourceTree = "<group>"; };
		9A8077661C060597002432D4 /* Info.plist */ = {isa = PBXFileReference; lastKnownFileType = text.plist.xml; path = Info.plist; sourceTree = "<group>"; };
		9A8077721C0605E2002432D4 /* Shark Slides.entitlements */ = {isa = PBXFileReference; lastKnownFileType = text.xml; path = "Shark Slides.entitlements"; sourceTree = "<group>"; };
		9A8D05871C38FD0600B55030 /* ShowContentViewController.swift */ = {isa = PBXFileReference; fileEncoding = 4; lastKnownFileType = sourcecode.swift; path = ShowContentViewController.swift; sourceTree = "<group>"; };
		9A8D05891C38FE8600B55030 /* ShowImageContentViewController.swift */ = {isa = PBXFileReference; fileEncoding = 4; lastKnownFileType = sourcecode.swift; path = ShowImageContentViewController.swift; sourceTree = "<group>"; };
		9A8D058D1C3905B600B55030 /* Transition.swift */ = {isa = PBXFileReference; fileEncoding = 4; lastKnownFileType = sourcecode.swift; path = Transition.swift; sourceTree = "<group>"; };
		9A8D058F1C390C7000B55030 /* FadeTransition.swift */ = {isa = PBXFileReference; fileEncoding = 4; lastKnownFileType = sourcecode.swift; path = FadeTransition.swift; sourceTree = "<group>"; };
		9A8D05911C3AA63D00B55030 /* ShowVideoContentViewController.swift */ = {isa = PBXFileReference; fileEncoding = 4; lastKnownFileType = sourcecode.swift; path = ShowVideoContentViewController.swift; sourceTree = "<group>"; };
		9A8FEC131C32726200F457E0 /* Localizable.strings */ = {isa = PBXFileReference; fileEncoding = 4; lastKnownFileType = text.plist.strings; path = Localizable.strings; sourceTree = "<group>"; };
		9A8FEC151C327A6E00F457E0 /* NSURL+Sandbox.swift */ = {isa = PBXFileReference; fileEncoding = 4; lastKnownFileType = sourcecode.swift; path = "NSURL+Sandbox.swift"; sourceTree = "<group>"; };
		9A8FEC1B1C32CD4300F457E0 /* Timer.swift */ = {isa = PBXFileReference; fileEncoding = 4; lastKnownFileType = sourcecode.swift; path = Timer.swift; sourceTree = "<group>"; };
		9A9B43A11C3176F3001A033A /* ImageViewController.swift */ = {isa = PBXFileReference; fileEncoding = 4; lastKnownFileType = sourcecode.swift; path = ImageViewController.swift; sourceTree = "<group>"; };
		9AFC00481C4CBF4C00C17B86 /* AboutViewController.swift */ = {isa = PBXFileReference; fileEncoding = 4; lastKnownFileType = sourcecode.swift; path = AboutViewController.swift; sourceTree = "<group>"; };
/* End PBXFileReference section */

/* Begin PBXFrameworksBuildPhase section */
		9A8077411C060597002432D4 /* Frameworks */ = {
			isa = PBXFrameworksBuildPhase;
			buildActionMask = 2147483647;
			files = (
				9A5321C61C73200E00BA4E15 /* Crashlytics.framework in Frameworks */,
				9A5321C51C73200E00BA4E15 /* Fabric.framework in Frameworks */,
			);
			runOnlyForDeploymentPostprocessing = 0;
		};
		9A8077521C060597002432D4 /* Frameworks */ = {
			isa = PBXFrameworksBuildPhase;
			buildActionMask = 2147483647;
			files = (
			);
			runOnlyForDeploymentPostprocessing = 0;
		};
		9A80775D1C060597002432D4 /* Frameworks */ = {
			isa = PBXFrameworksBuildPhase;
			buildActionMask = 2147483647;
			files = (
			);
			runOnlyForDeploymentPostprocessing = 0;
		};
/* End PBXFrameworksBuildPhase section */

/* Begin PBXGroup section */
		9A485F431C7EFE6900EE57E8 /* Segues */ = {
			isa = PBXGroup;
			children = (
				9A2114B41C4CF549000A0020 /* FadeInSegue.swift */,
				9A6F0F091C517A02005F4B34 /* PopoverSegue.swift */,
				9A6F0F0D1C51920D005F4B34 /* PreferencesSegue.swift */,
				9A485F441C7EFE9C00EE57E8 /* ReplaceSegue.swift */,
			);
			name = Segues;
			sourceTree = "<group>";
		};
		9A5321C21C731FF300BA4E15 /* Fabric */ = {
			isa = PBXGroup;
			children = (
				9A5321C31C73200E00BA4E15 /* Fabric.framework */,
				9A5321C41C73200E00BA4E15 /* Crashlytics.framework */,
			);
			name = Fabric;
			sourceTree = "<group>";
		};
		9A80773B1C060597002432D4 = {
			isa = PBXGroup;
			children = (
				9A8077461C060597002432D4 /* Shark Slides */,
				9A8077581C060597002432D4 /* Shark SlidesTests */,
				9A8077631C060597002432D4 /* Shark SlidesUITests */,
				9A8077451C060597002432D4 /* Products */,
			);
			sourceTree = "<group>";
		};
		9A8077451C060597002432D4 /* Products */ = {
			isa = PBXGroup;
			children = (
				9A8077441C060597002432D4 /* Shark Slides.app */,
				9A8077551C060597002432D4 /* Shark SlidesTests.xctest */,
				9A8077601C060597002432D4 /* Shark SlidesUITests.xctest */,
			);
			name = Products;
			sourceTree = "<group>";
		};
		9A8077461C060597002432D4 /* Shark Slides */ = {
			isa = PBXGroup;
			children = (
				9A5321C21C731FF300BA4E15 /* Fabric */,
				9A36507A1C2FF82100326A9C /* MediaLibrary.swift */,
				9A8077721C0605E2002432D4 /* Shark Slides.entitlements */,
				9A8077471C060597002432D4 /* AppDelegate.swift */,
				9A8077491C060597002432D4 /* LoadingController.swift */,
				9A80774B1C060597002432D4 /* Assets.xcassets */,
				9A80774D1C060597002432D4 /* Main.storyboard */,
				9A8077501C060597002432D4 /* Info.plist */,
				9A36507E1C30125D00326A9C /* MainViewController.swift */,
				9A788A1B1C302ADF00ADF0EC /* SourceSelectViewController.swift */,
				9A9B43A11C3176F3001A033A /* ImageViewController.swift */,
				9A8FEC131C32726200F457E0 /* Localizable.strings */,
				9A8FEC151C327A6E00F457E0 /* NSURL+Sandbox.swift */,
				9A8FEC1B1C32CD4300F457E0 /* Timer.swift */,
				9A8D05871C38FD0600B55030 /* ShowContentViewController.swift */,
				9A8D05891C38FE8600B55030 /* ShowImageContentViewController.swift */,
				9A8D058D1C3905B600B55030 /* Transition.swift */,
				9A8D058F1C390C7000B55030 /* FadeTransition.swift */,
				9A8D05911C3AA63D00B55030 /* ShowVideoContentViewController.swift */,
				9AFC00481C4CBF4C00C17B86 /* AboutViewController.swift */,
				9A2114AC1C4CD1AA000A0020 /* PreferencesViewController.swift */,
				9A2114AE1C4CD9E5000A0020 /* PreferencesWindowController.swift */,
				9A2114B21C4CF3B6000A0020 /* SlideshowPreferencesViewController.swift */,
				9A485F431C7EFE6900EE57E8 /* Segues */,
				9A2114B61C4CF7B6000A0020 /* VideoPreferencesViewController.swift */,
			);
			path = "Shark Slides";
			sourceTree = "<group>";
		};
		9A8077581C060597002432D4 /* Shark SlidesTests */ = {
			isa = PBXGroup;
			children = (
				9A8077591C060597002432D4 /* Shark_SlidesTests.swift */,
				9A80775B1C060597002432D4 /* Info.plist */,
			);
			path = "Shark SlidesTests";
			sourceTree = "<group>";
		};
		9A8077631C060597002432D4 /* Shark SlidesUITests */ = {
			isa = PBXGroup;
			children = (
				9A8077641C060597002432D4 /* Shark_SlidesUITests.swift */,
				9A8077661C060597002432D4 /* Info.plist */,
			);
			path = "Shark SlidesUITests";
			sourceTree = "<group>";
		};
/* End PBXGroup section */

/* Begin PBXNativeTarget section */
		9A8077431C060597002432D4 /* Shark Slides */ = {
			isa = PBXNativeTarget;
			buildConfigurationList = 9A8077691C060597002432D4 /* Build configuration list for PBXNativeTarget "Shark Slides" */;
			buildPhases = (
				9A8077401C060597002432D4 /* Sources */,
				9A8077411C060597002432D4 /* Frameworks */,
				9A8077421C060597002432D4 /* Resources */,
				9A5321C11C731FB300BA4E15 /* ShellScript */,
			);
			buildRules = (
			);
			dependencies = (
			);
			name = "Shark Slides";
			productName = "Shark Slides";
			productReference = 9A8077441C060597002432D4 /* Shark Slides.app */;
			productType = "com.apple.product-type.application";
		};
		9A8077541C060597002432D4 /* Shark SlidesTests */ = {
			isa = PBXNativeTarget;
			buildConfigurationList = 9A80776C1C060597002432D4 /* Build configuration list for PBXNativeTarget "Shark SlidesTests" */;
			buildPhases = (
				9A8077511C060597002432D4 /* Sources */,
				9A8077521C060597002432D4 /* Frameworks */,
				9A8077531C060597002432D4 /* Resources */,
			);
			buildRules = (
			);
			dependencies = (
				9A8077571C060597002432D4 /* PBXTargetDependency */,
			);
			name = "Shark SlidesTests";
			productName = "Shark SlidesTests";
			productReference = 9A8077551C060597002432D4 /* Shark SlidesTests.xctest */;
			productType = "com.apple.product-type.bundle.unit-test";
		};
		9A80775F1C060597002432D4 /* Shark SlidesUITests */ = {
			isa = PBXNativeTarget;
			buildConfigurationList = 9A80776F1C060597002432D4 /* Build configuration list for PBXNativeTarget "Shark SlidesUITests" */;
			buildPhases = (
				9A80775C1C060597002432D4 /* Sources */,
				9A80775D1C060597002432D4 /* Frameworks */,
				9A80775E1C060597002432D4 /* Resources */,
			);
			buildRules = (
			);
			dependencies = (
				9A8077621C060597002432D4 /* PBXTargetDependency */,
			);
			name = "Shark SlidesUITests";
			productName = "Shark SlidesUITests";
			productReference = 9A8077601C060597002432D4 /* Shark SlidesUITests.xctest */;
			productType = "com.apple.product-type.bundle.ui-testing";
		};
/* End PBXNativeTarget section */

/* Begin PBXProject section */
		9A80773C1C060597002432D4 /* Project object */ = {
			isa = PBXProject;
			attributes = {
				LastSwiftUpdateCheck = 0720;
				LastUpgradeCheck = 0710;
				ORGANIZATIONNAME = Sharkfood;
				TargetAttributes = {
					9A8077431C060597002432D4 = {
						CreatedOnToolsVersion = 7.1.1;
						DevelopmentTeam = 2SEZH94Q48;
						SystemCapabilities = {
							com.apple.Sandbox = {
								enabled = 1;
							};
							com.apple.iCloud = {
								enabled = 0;
							};
						};
					};
					9A8077541C060597002432D4 = {
						CreatedOnToolsVersion = 7.1.1;
						TestTargetID = 9A8077431C060597002432D4;
					};
					9A80775F1C060597002432D4 = {
						CreatedOnToolsVersion = 7.1.1;
						TestTargetID = 9A8077431C060597002432D4;
					};
				};
			};
			buildConfigurationList = 9A80773F1C060597002432D4 /* Build configuration list for PBXProject "Shark Slides" */;
			compatibilityVersion = "Xcode 3.2";
			developmentRegion = English;
			hasScannedForEncodings = 0;
			knownRegions = (
				en,
				Base,
			);
			mainGroup = 9A80773B1C060597002432D4;
			productRefGroup = 9A8077451C060597002432D4 /* Products */;
			projectDirPath = "";
			projectRoot = "";
			targets = (
				9A8077431C060597002432D4 /* Shark Slides */,
				9A8077541C060597002432D4 /* Shark SlidesTests */,
				9A80775F1C060597002432D4 /* Shark SlidesUITests */,
			);
		};
/* End PBXProject section */

/* Begin PBXResourcesBuildPhase section */
		9A8077421C060597002432D4 /* Resources */ = {
			isa = PBXResourcesBuildPhase;
			buildActionMask = 2147483647;
			files = (
				9A80774C1C060597002432D4 /* Assets.xcassets in Resources */,
				9A8FEC141C32726200F457E0 /* Localizable.strings in Resources */,
				9A80774F1C060597002432D4 /* Main.storyboard in Resources */,
			);
			runOnlyForDeploymentPostprocessing = 0;
		};
		9A8077531C060597002432D4 /* Resources */ = {
			isa = PBXResourcesBuildPhase;
			buildActionMask = 2147483647;
			files = (
			);
			runOnlyForDeploymentPostprocessing = 0;
		};
		9A80775E1C060597002432D4 /* Resources */ = {
			isa = PBXResourcesBuildPhase;
			buildActionMask = 2147483647;
			files = (
			);
			runOnlyForDeploymentPostprocessing = 0;
		};
/* End PBXResourcesBuildPhase section */

/* Begin PBXShellScriptBuildPhase section */
		9A5321C11C731FB300BA4E15 /* ShellScript */ = {
			isa = PBXShellScriptBuildPhase;
			buildActionMask = 2147483647;
			files = (
			);
			inputPaths = (
			);
			outputPaths = (
			);
			runOnlyForDeploymentPostprocessing = 0;
			shellPath = /bin/sh;
			shellScript = "./Fabric.framework/run aa1a2dad037d7a1c312e0d9d8297e55779b1f2a6 08e604c436495ea93ece49424df843f65b73fa73961f0143b0f605f0403a3e70";
		};
/* End PBXShellScriptBuildPhase section */

/* Begin PBXSourcesBuildPhase section */
		9A8077401C060597002432D4 /* Sources */ = {
			isa = PBXSourcesBuildPhase;
			buildActionMask = 2147483647;
			files = (
				9A788A1D1C302ADF00ADF0EC /* SourceSelectViewController.swift in Sources */,
				9A8FEC161C327A6E00F457E0 /* NSURL+Sandbox.swift in Sources */,
				9A8D05921C3AA63D00B55030 /* ShowVideoContentViewController.swift in Sources */,
				9A80774A1C060597002432D4 /* LoadingController.swift in Sources */,
				9A8D058A1C38FE8600B55030 /* ShowImageContentViewController.swift in Sources */,
				9A2114AD1C4CD1AA000A0020 /* PreferencesViewController.swift in Sources */,
				9A485F451C7EFE9C00EE57E8 /* ReplaceSegue.swift in Sources */,
				9A2114B71C4CF7B6000A0020 /* VideoPreferencesViewController.swift in Sources */,
				9A2114B51C4CF549000A0020 /* FadeInSegue.swift in Sources */,
				9A36507F1C30125D00326A9C /* MainViewController.swift in Sources */,
				9A8077481C060597002432D4 /* AppDelegate.swift in Sources */,
				9A8D058E1C3905B600B55030 /* Transition.swift in Sources */,
				9A9B43A21C3176F3001A033A /* ImageViewController.swift in Sources */,
				9A8D05881C38FD0600B55030 /* ShowContentViewController.swift in Sources */,
				9AFC00491C4CBF4C00C17B86 /* AboutViewController.swift in Sources */,
				9A6F0F0E1C51920D005F4B34 /* PreferencesSegue.swift in Sources */,
				9A36507B1C2FF82100326A9C /* MediaLibrary.swift in Sources */,
				9A2114B31C4CF3B6000A0020 /* SlideshowPreferencesViewController.swift in Sources */,
				9A8D05901C390C7000B55030 /* FadeTransition.swift in Sources */,
				9A6F0F0A1C517A02005F4B34 /* PopoverSegue.swift in Sources */,
				9A2114AF1C4CD9E5000A0020 /* PreferencesWindowController.swift in Sources */,
				9A8FEC1C1C32CD4300F457E0 /* Timer.swift in Sources */,
			);
			runOnlyForDeploymentPostprocessing = 0;
		};
		9A8077511C060597002432D4 /* Sources */ = {
			isa = PBXSourcesBuildPhase;
			buildActionMask = 2147483647;
			files = (
				9A80775A1C060597002432D4 /* Shark_SlidesTests.swift in Sources */,
			);
			runOnlyForDeploymentPostprocessing = 0;
		};
		9A80775C1C060597002432D4 /* Sources */ = {
			isa = PBXSourcesBuildPhase;
			buildActionMask = 2147483647;
			files = (
				9A8077651C060597002432D4 /* Shark_SlidesUITests.swift in Sources */,
			);
			runOnlyForDeploymentPostprocessing = 0;
		};
/* End PBXSourcesBuildPhase section */

/* Begin PBXTargetDependency section */
		9A8077571C060597002432D4 /* PBXTargetDependency */ = {
			isa = PBXTargetDependency;
			target = 9A8077431C060597002432D4 /* Shark Slides */;
			targetProxy = 9A8077561C060597002432D4 /* PBXContainerItemProxy */;
		};
		9A8077621C060597002432D4 /* PBXTargetDependency */ = {
			isa = PBXTargetDependency;
			target = 9A8077431C060597002432D4 /* Shark Slides */;
			targetProxy = 9A8077611C060597002432D4 /* PBXContainerItemProxy */;
		};
/* End PBXTargetDependency section */

/* Begin PBXVariantGroup section */
		9A80774D1C060597002432D4 /* Main.storyboard */ = {
			isa = PBXVariantGroup;
			children = (
				9A80774E1C060597002432D4 /* Base */,
			);
			name = Main.storyboard;
			sourceTree = "<group>";
		};
/* End PBXVariantGroup section */

/* Begin XCBuildConfiguration section */
		9A8077671C060597002432D4 /* Debug */ = {
			isa = XCBuildConfiguration;
			buildSettings = {
				ALWAYS_SEARCH_USER_PATHS = NO;
				CLANG_CXX_LANGUAGE_STANDARD = "gnu++0x";
				CLANG_CXX_LIBRARY = "libc++";
				CLANG_ENABLE_MODULES = YES;
				CLANG_ENABLE_OBJC_ARC = YES;
				CLANG_WARN_BOOL_CONVERSION = YES;
				CLANG_WARN_CONSTANT_CONVERSION = YES;
				CLANG_WARN_DIRECT_OBJC_ISA_USAGE = YES_ERROR;
				CLANG_WARN_EMPTY_BODY = YES;
				CLANG_WARN_ENUM_CONVERSION = YES;
				CLANG_WARN_INT_CONVERSION = YES;
				CLANG_WARN_OBJC_ROOT_CLASS = YES_ERROR;
				CLANG_WARN_UNREACHABLE_CODE = YES;
				CLANG_WARN__DUPLICATE_METHOD_MATCH = YES;
				CODE_SIGN_IDENTITY = "-";
				COPY_PHASE_STRIP = NO;
				DEBUG_INFORMATION_FORMAT = dwarf;
				ENABLE_STRICT_OBJC_MSGSEND = YES;
				ENABLE_TESTABILITY = YES;
				GCC_C_LANGUAGE_STANDARD = gnu99;
				GCC_DYNAMIC_NO_PIC = NO;
				GCC_NO_COMMON_BLOCKS = YES;
				GCC_OPTIMIZATION_LEVEL = 0;
				GCC_PREPROCESSOR_DEFINITIONS = (
					"DEBUG=1",
					"$(inherited)",
				);
				GCC_WARN_64_TO_32_BIT_CONVERSION = YES;
				GCC_WARN_ABOUT_RETURN_TYPE = YES_ERROR;
				GCC_WARN_UNDECLARED_SELECTOR = YES;
				GCC_WARN_UNINITIALIZED_AUTOS = YES_AGGRESSIVE;
				GCC_WARN_UNUSED_FUNCTION = YES;
				GCC_WARN_UNUSED_VARIABLE = YES;
				MACOSX_DEPLOYMENT_TARGET = 10.11;
				MTL_ENABLE_DEBUG_INFO = YES;
				ONLY_ACTIVE_ARCH = YES;
				SDKROOT = macosx;
				SWIFT_OPTIMIZATION_LEVEL = "-Onone";
			};
			name = Debug;
		};
		9A8077681C060597002432D4 /* Release */ = {
			isa = XCBuildConfiguration;
			buildSettings = {
				ALWAYS_SEARCH_USER_PATHS = NO;
				CLANG_CXX_LANGUAGE_STANDARD = "gnu++0x";
				CLANG_CXX_LIBRARY = "libc++";
				CLANG_ENABLE_MODULES = YES;
				CLANG_ENABLE_OBJC_ARC = YES;
				CLANG_WARN_BOOL_CONVERSION = YES;
				CLANG_WARN_CONSTANT_CONVERSION = YES;
				CLANG_WARN_DIRECT_OBJC_ISA_USAGE = YES_ERROR;
				CLANG_WARN_EMPTY_BODY = YES;
				CLANG_WARN_ENUM_CONVERSION = YES;
				CLANG_WARN_INT_CONVERSION = YES;
				CLANG_WARN_OBJC_ROOT_CLASS = YES_ERROR;
				CLANG_WARN_UNREACHABLE_CODE = YES;
				CLANG_WARN__DUPLICATE_METHOD_MATCH = YES;
				CODE_SIGN_IDENTITY = "-";
				COPY_PHASE_STRIP = NO;
				DEBUG_INFORMATION_FORMAT = "dwarf-with-dsym";
				ENABLE_NS_ASSERTIONS = NO;
				ENABLE_STRICT_OBJC_MSGSEND = YES;
				GCC_C_LANGUAGE_STANDARD = gnu99;
				GCC_NO_COMMON_BLOCKS = YES;
				GCC_WARN_64_TO_32_BIT_CONVERSION = YES;
				GCC_WARN_ABOUT_RETURN_TYPE = YES_ERROR;
				GCC_WARN_UNDECLARED_SELECTOR = YES;
				GCC_WARN_UNINITIALIZED_AUTOS = YES_AGGRESSIVE;
				GCC_WARN_UNUSED_FUNCTION = YES;
				GCC_WARN_UNUSED_VARIABLE = YES;
				MACOSX_DEPLOYMENT_TARGET = 10.11;
				MTL_ENABLE_DEBUG_INFO = NO;
				SDKROOT = macosx;
			};
			name = Release;
		};
		9A80776A1C060597002432D4 /* Debug */ = {
			isa = XCBuildConfiguration;
			buildSettings = {
				ASSETCATALOG_COMPILER_APPICON_NAME = AppIcon;
				CLANG_ENABLE_MODULES = YES;
				CODE_SIGN_ENTITLEMENTS = "Shark Slides/Shark Slides.entitlements";
				CODE_SIGN_IDENTITY = "Mac Developer";
				"CODE_SIGN_IDENTITY[sdk=macosx*]" = "Mac Developer";
				COMBINE_HIDPI_IMAGES = YES;
				DEBUG_INFORMATION_FORMAT = "dwarf-with-dsym";
				FRAMEWORK_SEARCH_PATHS = (
					"$(inherited)",
					"$(PROJECT_DIR)",
				);
				INFOPLIST_FILE = "Shark Slides/Info.plist";
				LD_RUNPATH_SEARCH_PATHS = "$(inherited) @executable_path/../Frameworks";
				PRODUCT_BUNDLE_IDENTIFIER = "com.sharkfood.Shark-Slides";
				PRODUCT_NAME = "$(TARGET_NAME)";
				PROVISIONING_PROFILE = "";
				SWIFT_OPTIMIZATION_LEVEL = "-Onone";
			};
			name = Debug;
		};
		9A80776B1C060597002432D4 /* Release */ = {
			isa = XCBuildConfiguration;
			buildSettings = {
				ASSETCATALOG_COMPILER_APPICON_NAME = AppIcon;
				CLANG_ENABLE_MODULES = YES;
				CODE_SIGN_ENTITLEMENTS = "Shark Slides/Shark Slides.entitlements";
				CODE_SIGN_IDENTITY = "Mac Developer";
				"CODE_SIGN_IDENTITY[sdk=macosx*]" = "Mac Developer";
				COMBINE_HIDPI_IMAGES = YES;
				FRAMEWORK_SEARCH_PATHS = (
					"$(inherited)",
					"$(PROJECT_DIR)",
				);
				INFOPLIST_FILE = "Shark Slides/Info.plist";
				LD_RUNPATH_SEARCH_PATHS = "$(inherited) @executable_path/../Frameworks";
				PRODUCT_BUNDLE_IDENTIFIER = "com.sharkfood.Shark-Slides";
				PRODUCT_NAME = "$(TARGET_NAME)";
				PROVISIONING_PROFILE = "";
			};
			name = Release;
		};
		9A80776D1C060597002432D4 /* Debug */ = {
			isa = XCBuildConfiguration;
			buildSettings = {
				BUNDLE_LOADER = "$(TEST_HOST)";
				COMBINE_HIDPI_IMAGES = YES;
				INFOPLIST_FILE = "Shark SlidesTests/Info.plist";
				LD_RUNPATH_SEARCH_PATHS = "$(inherited) @executable_path/../Frameworks @loader_path/../Frameworks";
				PRODUCT_BUNDLE_IDENTIFIER = "com.sharkfood.Shark-SlidesTests";
				PRODUCT_NAME = "$(TARGET_NAME)";
				TEST_HOST = "$(BUILT_PRODUCTS_DIR)/Shark Slides.app/Contents/MacOS/Shark Slides";
			};
			name = Debug;
		};
		9A80776E1C060597002432D4 /* Release */ = {
			isa = XCBuildConfiguration;
			buildSettings = {
				BUNDLE_LOADER = "$(TEST_HOST)";
				COMBINE_HIDPI_IMAGES = YES;
				INFOPLIST_FILE = "Shark SlidesTests/Info.plist";
				LD_RUNPATH_SEARCH_PATHS = "$(inherited) @executable_path/../Frameworks @loader_path/../Frameworks";
				PRODUCT_BUNDLE_IDENTIFIER = "com.sharkfood.Shark-SlidesTests";
				PRODUCT_NAME = "$(TARGET_NAME)";
				TEST_HOST = "$(BUILT_PRODUCTS_DIR)/Shark Slides.app/Contents/MacOS/Shark Slides";
			};
			name = Release;
		};
		9A8077701C060597002432D4 /* Debug */ = {
			isa = XCBuildConfiguration;
			buildSettings = {
				COMBINE_HIDPI_IMAGES = YES;
				INFOPLIST_FILE = "Shark SlidesUITests/Info.plist";
				LD_RUNPATH_SEARCH_PATHS = "$(inherited) @executable_path/../Frameworks @loader_path/../Frameworks";
				PRODUCT_BUNDLE_IDENTIFIER = "com.sharkfood.Shark-SlidesUITests";
				PRODUCT_NAME = "$(TARGET_NAME)";
				TEST_TARGET_NAME = "Shark Slides";
				USES_XCTRUNNER = YES;
			};
			name = Debug;
		};
		9A8077711C060597002432D4 /* Release */ = {
			isa = XCBuildConfiguration;
			buildSettings = {
				COMBINE_HIDPI_IMAGES = YES;
				INFOPLIST_FILE = "Shark SlidesUITests/Info.plist";
				LD_RUNPATH_SEARCH_PATHS = "$(inherited) @executable_path/../Frameworks @loader_path/../Frameworks";
				PRODUCT_BUNDLE_IDENTIFIER = "com.sharkfood.Shark-SlidesUITests";
				PRODUCT_NAME = "$(TARGET_NAME)";
				TEST_TARGET_NAME = "Shark Slides";
				USES_XCTRUNNER = YES;
			};
			name = Release;
		};
/* End XCBuildConfiguration section */

/* Begin XCConfigurationList section */
		9A80773F1C060597002432D4 /* Build configuration list for PBXProject "Shark Slides" */ = {
			isa = XCConfigurationList;
			buildConfigurations = (
				9A8077671C060597002432D4 /* Debug */,
				9A8077681C060597002432D4 /* Release */,
			);
			defaultConfigurationIsVisible = 0;
			defaultConfigurationName = Release;
		};
		9A8077691C060597002432D4 /* Build configuration list for PBXNativeTarget "Shark Slides" */ = {
			isa = XCConfigurationList;
			buildConfigurations = (
				9A80776A1C060597002432D4 /* Debug */,
				9A80776B1C060597002432D4 /* Release */,
			);
			defaultConfigurationIsVisible = 0;
			defaultConfigurationName = Release;
		};
		9A80776C1C060597002432D4 /* Build configuration list for PBXNativeTarget "Shark SlidesTests" */ = {
			isa = XCConfigurationList;
			buildConfigurations = (
				9A80776D1C060597002432D4 /* Debug */,
				9A80776E1C060597002432D4 /* Release */,
			);
			defaultConfigurationIsVisible = 0;
			defaultConfigurationName = Release;
		};
		9A80776F1C060597002432D4 /* Build configuration list for PBXNativeTarget "Shark SlidesUITests" */ = {
			isa = XCConfigurationList;
			buildConfigurations = (
				9A8077701C060597002432D4 /* Debug */,
				9A8077711C060597002432D4 /* Release */,
			);
			defaultConfigurationIsVisible = 0;
			defaultConfigurationName = Release;
		};
/* End XCConfigurationList section */
	};
	rootObject = 9A80773C1C060597002432D4 /* Project object */;
}
